
Microsoft Visual Studio Solution File, Format Version 12.00
# Visual Studio Version 16
VisualStudioVersion = 16.0.29911.84
MinimumVisualStudioVersion = 10.0.40219.1
Project("{9A19103F-16F7-4668-BE54-9A1E7A4F7556}") = "MashupAzureFunctionApp", "MashupAzureFunctionApp.csproj", "{FD461BB6-DA94-4E45-98ED-C18F0552C89A}"
EndProject
Global
	GlobalSection(SolutionConfigurationPlatforms) = preSolution
		Debug|Any CPU = Debug|Any CPU
		Release|Any CPU = Release|Any CPU
	EndGlobalSection
	GlobalSection(ProjectConfigurationPlatforms) = postSolution
		{FD461BB6-DA94-4E45-98ED-C18F0552C89A}.Debug|Any CPU.ActiveCfg = Debug|Any CPU
		{FD461BB6-DA94-4E45-98ED-C18F0552C89A}.Debug|Any CPU.Build.0 = Debug|Any CPU
		{FD461BB6-DA94-4E45-98ED-C18F0552C89A}.Release|Any CPU.ActiveCfg = Release|Any CPU
		{FD461BB6-DA94-4E45-98ED-C18F0552C89A}.Release|Any CPU.Build.0 = Release|Any CPU
	EndGlobalSection
	GlobalSection(SolutionProperties) = preSolution
		HideSolutionNode = FALSE
	EndGlobalSection
	GlobalSection(ExtensibilityGlobals) = postSolution
		SolutionGuid = {95AF5C52-E0A8-468A-AD43-ECD333FD680C}
	EndGlobalSection
EndGlobal
